
Microsoft Visual Studio Solution File, Format Version 12.00
# Visual Studio Version 16
VisualStudioVersion = 16.0.31410.357
MinimumVisualStudioVersion = 10.0.40219.1
Project("{FAE04EC0-301F-11D3-BF4B-00C04F79EFBC}") = "ControladorEstoque", "ControladorEstoque\ControladorEstoque.csproj", "{069EC974-BE0D-4811-8BF4-6350284BBD5B}"
EndProject
Global
	GlobalSection(SolutionConfigurationPlatforms) = preSolution
		Debug|Any CPU = Debug|Any CPU
		Release|Any CPU = Release|Any CPU
	EndGlobalSection
	GlobalSection(ProjectConfigurationPlatforms) = postSolution
		{069EC974-BE0D-4811-8BF4-6350284BBD5B}.Debug|Any CPU.ActiveCfg = Debug|Any CPU
		{069EC974-BE0D-4811-8BF4-6350284BBD5B}.Debug|Any CPU.Build.0 = Debug|Any CPU
		{069EC974-BE0D-4811-8BF4-6350284BBD5B}.Release|Any CPU.ActiveCfg = Release|Any CPU
		{069EC974-BE0D-4811-8BF4-6350284BBD5B}.Release|Any CPU.Build.0 = Release|Any CPU
	EndGlobalSection
	GlobalSection(SolutionProperties) = preSolution
		HideSolutionNode = FALSE
	EndGlobalSection
	GlobalSection(ExtensibilityGlobals) = postSolution
		SolutionGuid = {79C125D8-0425-4AF8-A411-5534985B1B97}
	EndGlobalSection
EndGlobal
